{
    "_readme": [
        "This file locks the dependencies of your project to a known state",
        "Read more about it at https://getcomposer.org/doc/01-basic-usage.md#composer-lock-the-lock-file",
        "This file is @generated automatically"
    ],
    "hash": "b36d6c83549ceeba7ae5833d6f778dd5",
    "content-hash": "3626d4283e946151b28fedbe744395df",
    "packages": [],
    "packages-dev": [
        {
            "name": "beelab/bowerphp",
            "version": "v0.3.5-beta",
            "source": {
                "type": "git",
                "url": "https://github.com/Bee-Lab/bowerphp.git",
                "reference": "46d6248a0444e3ea92111cd97a512f408988603c"
            },
            "dist": {
                "type": "zip",
                "url": "https://api.github.com/repos/Bee-Lab/bowerphp/zipball/46d6248a0444e3ea92111cd97a512f408988603c",
                "reference": "46d6248a0444e3ea92111cd97a512f408988603c",
                "shasum": ""
            },
            "require": {
                "camspiers/json-pretty": "1.0.*",
                "ext-fileinfo": "*",
                "ext-zip": "*",
                "knplabs/github-api": "1.4.*",
                "php": ">=5.3.6",
                "symfony/console": "~2.3",
                "symfony/filesystem": "~2.1",
                "symfony/finder": "~2.2",
                "symfony/process": "~2.1",
                "vierbergenlars/php-semver": "~3.0"
            },
            "require-dev": {
                "ext-phar": "*",
                "fabpot/php-cs-fixer": "~1.5",
                "mockery/mockery": "~0.9.3",
                "phpunit/phpunit": "4.*"
            },
            "bin": [
                "bin/bowerphp"
            ],
            "type": "library",
            "extra": {
                "branch-alias": {
                    "dev-master": "1.0-dev"
                }
            },
            "autoload": {
                "psr-4": {
                    "Bowerphp\\": "src/Bowerphp"
                }
            },
            "notification-url": "https://packagist.org/downloads/",
            "license": [
                "MIT"
            ],
            "authors": [
                {
                    "name": "Massimiliano Arione",
                    "email": "massimiliano.arione@bee-lab.net"
                },
                {
                    "name": "Mauro D'Alatri",
                    "email": "mauro.dalatri@bee-lab.net"
                },
                {
                    "name": "The Community",
                    "homepage": "https://github.com/Bee-Lab/bowerphp/graphs/contributors"
                }
            ],
            "description": "An implementation of bower in PHP",
            "homepage": "http://bowerphp.org/",
            "keywords": [
                "dependency",
                "frontend",
                "package"
            ],
            "time": "2015-11-14 14:15:16"
        },
        {
            "name": "camspiers/json-pretty",
            "version": "1.0.1",
            "source": {
                "type": "git",
                "url": "https://github.com/camspiers/json-pretty.git",
                "reference": "73c0bd55ca966f31f79d690a4b0aabaf98ad5d94"
            },
            "dist": {
                "type": "zip",
                "url": "https://api.github.com/repos/camspiers/json-pretty/zipball/73c0bd55ca966f31f79d690a4b0aabaf98ad5d94",
                "reference": "73c0bd55ca966f31f79d690a4b0aabaf98ad5d94",
                "shasum": ""
            },
            "require-dev": {
                "phpunit/phpunit": "~4.0"
            },
            "type": "library",
            "autoload": {
                "psr-0": {
                    "Camspiers": "src/"
                }
            },
            "notification-url": "https://packagist.org/downloads/",
            "license": [
                "MIT"
            ],
            "authors": [
                {
                    "name": "Cam Spiers",
                    "email": "cameron@heyday.co.nz"
                }
            ],
            "description": "Provides support for json pretty printing",
            "time": "2015-09-17 16:05:48"
        },
        {
            "name": "codegyre/robo",
            "version": "0.6.0",
            "source": {
                "type": "git",
                "url": "https://github.com/Codegyre/Robo.git",
                "reference": "d18185f0494c854d36aa5ee0ad931ee23bbef552"
            },
            "dist": {
                "type": "zip",
                "url": "https://api.github.com/repos/Codegyre/Robo/zipball/d18185f0494c854d36aa5ee0ad931ee23bbef552",
                "reference": "d18185f0494c854d36aa5ee0ad931ee23bbef552",
                "shasum": ""
            },
            "require": {
                "henrikbjorn/lurker": "1.0.*@dev",
                "php": ">=5.4.0",
                "symfony/console": "~2.5",
                "symfony/filesystem": "~2.5",
                "symfony/finder": "~2.5",
                "symfony/process": "~2.5"
            },
            "require-dev": {
                "codeception/aspect-mock": "0.5.*",
                "codeception/base": "~2.1",
                "codeception/codeception": "2.1",
                "codeception/verify": "0.2.*",
                "natxet/cssmin": "~3.0",
                "patchwork/jsqueeze": "~1.0"
            },
            "bin": [
                "robo"
            ],
            "type": "library",
            "autoload": {
                "psr-4": {
                    "Robo\\": "src"
                }
            },
            "notification-url": "https://packagist.org/downloads/",
            "license": [
                "MIT"
            ],
            "authors": [
                {
                    "name": "Davert",
                    "email": "davert.php@resend.cc"
                }
            ],
            "description": "Modern task runner",
            "time": "2015-10-30 11:29:52"
        },
        {
            "name": "guzzle/guzzle",
            "version": "v3.9.3",
            "source": {
                "type": "git",
                "url": "https://github.com/guzzle/guzzle3.git",
                "reference": "0645b70d953bc1c067bbc8d5bc53194706b628d9"
            },
            "dist": {
                "type": "zip",
                "url": "https://api.github.com/repos/guzzle/guzzle3/zipball/0645b70d953bc1c067bbc8d5bc53194706b628d9",
                "reference": "0645b70d953bc1c067bbc8d5bc53194706b628d9",
                "shasum": ""
            },
            "require": {
                "ext-curl": "*",
                "php": ">=5.3.3",
                "symfony/event-dispatcher": "~2.1"
            },
            "replace": {
                "guzzle/batch": "self.version",
                "guzzle/cache": "self.version",
                "guzzle/common": "self.version",
                "guzzle/http": "self.version",
                "guzzle/inflection": "self.version",
                "guzzle/iterator": "self.version",
                "guzzle/log": "self.version",
                "guzzle/parser": "self.version",
                "guzzle/plugin": "self.version",
                "guzzle/plugin-async": "self.version",
                "guzzle/plugin-backoff": "self.version",
                "guzzle/plugin-cache": "self.version",
                "guzzle/plugin-cookie": "self.version",
                "guzzle/plugin-curlauth": "self.version",
                "guzzle/plugin-error-response": "self.version",
                "guzzle/plugin-history": "self.version",
                "guzzle/plugin-log": "self.version",
                "guzzle/plugin-md5": "self.version",
                "guzzle/plugin-mock": "self.version",
                "guzzle/plugin-oauth": "self.version",
                "guzzle/service": "self.version",
                "guzzle/stream": "self.version"
            },
            "require-dev": {
                "doctrine/cache": "~1.3",
                "monolog/monolog": "~1.0",
                "phpunit/phpunit": "3.7.*",
                "psr/log": "~1.0",
                "symfony/class-loader": "~2.1",
                "zendframework/zend-cache": "2.*,<2.3",
                "zendframework/zend-log": "2.*,<2.3"
            },
            "suggest": {
                "guzzlehttp/guzzle": "Guzzle 5 has moved to a new package name. The package you have installed, Guzzle 3, is deprecated."
            },
            "type": "library",
            "extra": {
                "branch-alias": {
                    "dev-master": "3.9-dev"
                }
            },
            "autoload": {
                "psr-0": {
                    "Guzzle": "src/",
                    "Guzzle\\Tests": "tests/"
                }
            },
            "notification-url": "https://packagist.org/downloads/",
            "license": [
                "MIT"
            ],
            "authors": [
                {
                    "name": "Michael Dowling",
                    "email": "mtdowling@gmail.com",
                    "homepage": "https://github.com/mtdowling"
                },
                {
                    "name": "Guzzle Community",
                    "homepage": "https://github.com/guzzle/guzzle/contributors"
                }
            ],
            "description": "PHP HTTP client. This library is deprecated in favor of https://packagist.org/packages/guzzlehttp/guzzle",
            "homepage": "http://guzzlephp.org/",
            "keywords": [
                "client",
                "curl",
                "framework",
                "http",
                "http client",
                "rest",
                "web service"
            ],
            "time": "2015-03-18 18:23:50"
        },
        {
            "name": "henrikbjorn/lurker",
            "version": "dev-master",
            "source": {
                "type": "git",
                "url": "https://github.com/flint/Lurker.git",
                "reference": "ab45f9cefe600065cc3137a238217598d3a1d062"
            },
            "dist": {
                "type": "zip",
                "url": "https://api.github.com/repos/flint/Lurker/zipball/ab45f9cefe600065cc3137a238217598d3a1d062",
                "reference": "ab45f9cefe600065cc3137a238217598d3a1d062",
                "shasum": ""
            },
            "require": {
                "php": ">=5.3.3",
                "symfony/config": "~2.2",
                "symfony/event-dispatcher": "~2.2"
            },
            "suggest": {
                "ext-inotify": ">=0.1.6"
            },
            "type": "library",
            "extra": {
                "branch-alias": {
                    "dev-master": "1.0.x-dev"
                }
            },
            "autoload": {
                "psr-0": {
                    "Lurker": "src"
                }
            },
            "notification-url": "https://packagist.org/downloads/",
            "license": [
                "MIT"
            ],
            "authors": [
                {
                    "name": "Yaroslav Kiliba",
                    "email": "om.dattaya@gmail.com"
                },
                {
                    "name": "Konstantin Kudryashov",
                    "email": "ever.zet@gmail.com"
                },
                {
                    "name": "Henrik Bjrnskov",
                    "email": "henrik@bjrnskov.dk"
                }
            ],
            "description": "Resource Watcher.",
            "keywords": [
                "filesystem",
                "resource",
                "watching"
            ],
            "time": "2015-10-27 09:19:19"
        },
        {
            "name": "knplabs/github-api",
            "version": "1.4.15",
            "source": {
                "type": "git",
                "url": "https://github.com/KnpLabs/php-github-api.git",
                "reference": "313d7ed61494f525ab93cfd8595ec2d398533220"
            },
            "dist": {
                "type": "zip",
                "url": "https://api.github.com/repos/KnpLabs/php-github-api/zipball/313d7ed61494f525ab93cfd8595ec2d398533220",
                "reference": "313d7ed61494f525ab93cfd8595ec2d398533220",
                "shasum": ""
            },
            "require": {
                "ext-curl": "*",
                "guzzle/guzzle": "~3.7",
                "php": ">=5.3.2"
            },
            "require-dev": {
                "phpunit/phpunit": "~4.0"
            },
            "suggest": {
                "knplabs/gaufrette": "Needed for optional Gaufrette cache"
            },
            "type": "library",
            "extra": {
                "branch-alias": {
                    "dev-master": "1.4.x-dev"
                }
            },
            "autoload": {
                "psr-4": {
                    "Github\\": "lib/Github/"
                }
            },
            "notification-url": "https://packagist.org/downloads/",
            "license": [
                "MIT"
            ],
            "authors": [
                {
                    "name": "Thibault Duplessis",
                    "email": "thibault.duplessis@gmail.com",
                    "homepage": "http://ornicar.github.com"
                },
                {
                    "name": "KnpLabs Team",
                    "homepage": "http://knplabs.com"
                }
            ],
            "description": "GitHub API v3 client",
            "homepage": "https://github.com/KnpLabs/php-github-api",
            "keywords": [
                "api",
                "gh",
                "gist",
                "github"
            ],
            "time": "2015-08-20 09:44:33"
        },
        {
            "name": "league/climate",
            "version": "3.2.0",
            "source": {
                "type": "git",
                "url": "https://github.com/thephpleague/climate.git",
                "reference": "834cb907c89eb31e2171b68ee25c0ed26c8f34f4"
            },
            "dist": {
                "type": "zip",
                "url": "https://api.github.com/repos/thephpleague/climate/zipball/834cb907c89eb31e2171b68ee25c0ed26c8f34f4",
                "reference": "834cb907c89eb31e2171b68ee25c0ed26c8f34f4",
                "shasum": ""
            },
            "require": {
                "php": ">=5.4.0",
                "seld/cli-prompt": "~1.0"
            },
            "require-dev": {
                "mikey179/vfsstream": "~1.4",
                "mockery/mockery": "dev-master",
                "phpunit/phpunit": "~4.6"
            },
            "type": "library",
            "autoload": {
                "psr-4": {
                    "League\\CLImate\\": "src/"
                }
            },
            "notification-url": "https://packagist.org/downloads/",
            "license": [
                "MIT"
            ],
            "authors": [
                {
                    "name": "Joe Tannenbaum",
                    "email": "hey@joe.codes",
                    "homepage": "http://joe.codes/",
                    "role": "Developer"
                }
            ],
            "description": "PHP's best friend for the terminal. CLImate allows you to easily output colored text, special formats, and more.",
            "keywords": [
                "cli",
                "colors",
                "command",
                "php",
                "terminal"
            ],
            "time": "2015-08-13 16:50:51"
        },
        {
            "name": "linkorb/jsmin-php",
            "version": "1.0.0",
            "source": {
                "type": "git",
                "url": "https://github.com/linkorb/jsmin-php.git",
                "reference": "be85d87fc9c27730e7e9ced742b13010dafc1026"
            },
            "dist": {
                "type": "zip",
                "url": "https://api.github.com/repos/linkorb/jsmin-php/zipball/be85d87fc9c27730e7e9ced742b13010dafc1026",
                "reference": "be85d87fc9c27730e7e9ced742b13010dafc1026",
                "shasum": ""
            },
            "require": {
                "php": ">=5.0.0"
            },
            "type": "library",
            "autoload": {
                "classmap": [
                    "src/"
                ]
            },
            "notification-url": "https://packagist.org/downloads/",
            "license": [
                "MIT"
            ],
            "authors": [
                {
                    "name": "Joost Faassen",
                    "email": "j.faassen@linkorb.com",
                    "role": "Packaging for composer"
                },
                {
                    "name": "Ryan Grove",
                    "email": "ryan@wonko.com",
                    "role": "PHP port"
                },
                {
                    "name": "Adam Gofort",
                    "email": "aag@adamgoforth.com",
                    "role": "Updates to the PHP port"
                },
                {
                    "name": "Douglas Crockford",
                    "email": "douglas@crockford.com"
                }
            ],
            "description": "Unofficial package of jsmin-php",
            "homepage": "http://www.github.com/linkorb/jsmin-php",
            "keywords": [
                "javascript",
                "jsmin",
                "minify"
            ],
            "time": "2013-03-15 13:16:35"
        },
        {
            "name": "markstory/mini-asset",
            "version": "dev-master",
            "source": {
                "type": "git",
                "url": "https://github.com/markstory/mini-asset.git",
                "reference": "ca8e11f8a1b4835beabd61be0d1fec97934ad9ec"
            },
            "dist": {
                "type": "zip",
                "url": "https://api.github.com/repos/markstory/mini-asset/zipball/ca8e11f8a1b4835beabd61be0d1fec97934ad9ec",
                "reference": "ca8e11f8a1b4835beabd61be0d1fec97934ad9ec",
                "shasum": ""
            },
            "require": {
                "league/climate": "~3.0"
            },
            "require-dev": {
                "phpunit/phpunit": "4.1.*",
                "squizlabs/php_codesniffer": "*"
            },
            "suggest": {
                "leafo/scssphp": "For using the ScssPHP filter.",
                "linkorb/jsmin-php": "For using the JSMin filter.",
                "natxet/CssMin": "For using the CssMin filter.",
                "oyejorge/less.php": "For using the LessDotPHP filter, see https://github.com/oyejorge/less.php",
                "tedivm/jshrink": "For using the JShrink filter."
            },
            "bin": [
                "bin/mini_asset"
            ],
            "type": "cakephp-plugin",
            "autoload": {
                "psr-4": {
                    "MiniAsset\\": "src"
                }
            },
            "notification-url": "https://packagist.org/downloads/",
            "license": [
                "MIT"
            ],
            "authors": [
                {
                    "name": "Mark Story",
                    "homepage": "http://mark-story.com",
                    "role": "Author"
                }
            ],
            "description": "An asset compression library. Provides file concatenation and a flexible filter system for preprocessing and minification.",
            "homepage": "https://github.com/markstory/mini-asset",
            "keywords": [
                "assets",
                "cakephp",
                "coffee-script",
                "less",
                "minifier",
                "sass"
            ],
            "time": "2015-11-22 14:50:51"
        },
        {
            "name": "natxet/CssMin",
            "version": "v3.0.4",
            "source": {
                "type": "git",
                "url": "https://github.com/natxet/CssMin.git",
                "reference": "92de3fe3ccb4f8298d31952490ef7d5395855c39"
            },
            "dist": {
                "type": "zip",
                "url": "https://api.github.com/repos/natxet/CssMin/zipball/92de3fe3ccb4f8298d31952490ef7d5395855c39",
                "reference": "92de3fe3ccb4f8298d31952490ef7d5395855c39",
                "shasum": ""
            },
            "require": {
                "php": ">=5.0"
            },
            "type": "library",
            "extra": {
                "branch-alias": {
                    "dev-master": "3.0-dev"
                }
            },
            "autoload": {
                "classmap": [
                    "src/"
                ]
            },
            "notification-url": "https://packagist.org/downloads/",
            "license": [
                "MIT"
            ],
            "authors": [
                {
                    "name": "Joe Scylla",
                    "email": "joe.scylla@gmail.com",
                    "homepage": "https://profiles.google.com/joe.scylla"
                }
            ],
            "description": "Minifying CSS",
            "homepage": "http://code.google.com/p/cssmin/",
            "keywords": [
                "css",
                "minify"
            ],
            "time": "2015-09-25 11:13:11"
        },
        {
            "name": "oyejorge/less.php",
            "version": "v1.7.0.9",
            "source": {
                "type": "git",
                "url": "https://github.com/oyejorge/less.php.git",
                "reference": "fb64e2f6ef647a229c50e9fa0f2076240a3484c6"
            },
            "dist": {
                "type": "zip",
                "url": "https://api.github.com/repos/oyejorge/less.php/zipball/fb64e2f6ef647a229c50e9fa0f2076240a3484c6",
                "reference": "fb64e2f6ef647a229c50e9fa0f2076240a3484c6",
                "shasum": ""
            },
            "require": {
                "php": ">=5.3"
            },
            "bin": [
                "bin/lessc"
            ],
            "type": "library",
            "autoload": {
                "psr-0": {
                    "Less": "lib/"
                },
                "classmap": [
                    "lessc.inc.php"
                ]
            },
            "notification-url": "https://packagist.org/downloads/",
            "license": [
                "Apache-2.0"
            ],
            "authors": [
                {
                    "name": "Matt Agar",
                    "homepage": "https://github.com/agar"
                },
                {
                    "name": "Martin Jantošovič",
                    "homepage": "https://github.com/Mordred"
                },
                {
                    "name": "Josh Schmidt",
                    "homepage": "https://github.com/oyejorge"
                }
            ],
            "description": "PHP port of the Javascript version of LESS http://lesscss.org",
            "homepage": "http://lessphp.gpeasy.com",
            "keywords": [
                "css",
                "less",
                "less.js",
                "lesscss",
                "php",
                "stylesheet"
            ],
            "time": "2015-09-28 01:11:47"
        },
        {
            "name": "seld/cli-prompt",
            "version": "1.0.1",
            "source": {
                "type": "git",
                "url": "https://github.com/Seldaek/cli-prompt.git",
                "reference": "b27db1514f7d7bb7a366ad95d4eb2b17140a0691"
            },
            "dist": {
                "type": "zip",
                "url": "https://api.github.com/repos/Seldaek/cli-prompt/zipball/b27db1514f7d7bb7a366ad95d4eb2b17140a0691",
                "reference": "b27db1514f7d7bb7a366ad95d4eb2b17140a0691",
                "shasum": ""
            },
            "require": {
                "php": ">=5.3"
            },
            "type": "library",
            "extra": {
                "branch-alias": {
                    "dev-master": "1.x-dev"
                }
            },
            "autoload": {
                "psr-4": {
                    "Seld\\CliPrompt\\": "src/"
                }
            },
            "notification-url": "https://packagist.org/downloads/",
            "license": [
                "MIT"
            ],
            "authors": [
                {
                    "name": "Jordi Boggiano",
                    "email": "j.boggiano@seld.be"
                }
            ],
            "description": "Allows you to prompt for user input on the command line, and optionally hide the characters they type",
            "keywords": [
                "cli",
                "console",
                "hidden",
                "input",
                "prompt"
            ],
            "time": "2016-01-09 17:55:27"
        },
        {
            "name": "symfony/config",
            "version": "v2.8.2",
            "source": {
                "type": "git",
                "url": "https://github.com/symfony/config.git",
                "reference": "41ee6c70758f40fa1dbf90d019ae0a66c4a09e74"
            },
            "dist": {
                "type": "zip",
                "url": "https://api.github.com/repos/symfony/config/zipball/41ee6c70758f40fa1dbf90d019ae0a66c4a09e74",
                "reference": "41ee6c70758f40fa1dbf90d019ae0a66c4a09e74",
                "shasum": ""
            },
            "require": {
                "php": ">=5.3.9",
                "symfony/filesystem": "~2.3|~3.0.0"
            },
            "type": "library",
            "extra": {
                "branch-alias": {
                    "dev-master": "2.8-dev"
                }
            },
            "autoload": {
                "psr-4": {
                    "Symfony\\Component\\Config\\": ""
                },
                "exclude-from-classmap": [
                    "/Tests/"
                ]
            },
            "notification-url": "https://packagist.org/downloads/",
            "license": [
                "MIT"
            ],
            "authors": [
                {
                    "name": "Fabien Potencier",
                    "email": "fabien@symfony.com"
                },
                {
                    "name": "Symfony Community",
                    "homepage": "https://symfony.com/contributors"
                }
            ],
            "description": "Symfony Config Component",
            "homepage": "https://symfony.com",
            "time": "2016-01-03 15:33:41"
        },
        {
            "name": "symfony/console",
            "version": "v2.8.2",
            "source": {
                "type": "git",
                "url": "https://github.com/symfony/console.git",
                "reference": "d0239fb42f98dd02e7d342f793c5d2cdee0c478d"
            },
            "dist": {
                "type": "zip",
                "url": "https://api.github.com/repos/symfony/console/zipball/d0239fb42f98dd02e7d342f793c5d2cdee0c478d",
                "reference": "d0239fb42f98dd02e7d342f793c5d2cdee0c478d",
                "shasum": ""
            },
            "require": {
                "php": ">=5.3.9",
                "symfony/polyfill-mbstring": "~1.0"
            },
            "require-dev": {
                "psr/log": "~1.0",
                "symfony/event-dispatcher": "~2.1|~3.0.0",
                "symfony/process": "~2.1|~3.0.0"
            },
            "suggest": {
                "psr/log": "For using the console logger",
                "symfony/event-dispatcher": "",
                "symfony/process": ""
            },
            "type": "library",
            "extra": {
                "branch-alias": {
                    "dev-master": "2.8-dev"
                }
            },
            "autoload": {
                "psr-4": {
                    "Symfony\\Component\\Console\\": ""
                },
                "exclude-from-classmap": [
                    "/Tests/"
                ]
            },
            "notification-url": "https://packagist.org/downloads/",
            "license": [
                "MIT"
            ],
            "authors": [
                {
                    "name": "Fabien Potencier",
                    "email": "fabien@symfony.com"
                },
                {
                    "name": "Symfony Community",
                    "homepage": "https://symfony.com/contributors"
                }
            ],
            "description": "Symfony Console Component",
            "homepage": "https://symfony.com",
            "time": "2016-01-14 08:33:16"
        },
        {
            "name": "symfony/event-dispatcher",
            "version": "v2.8.2",
            "source": {
                "type": "git",
                "url": "https://github.com/symfony/event-dispatcher.git",
                "reference": "ee278f7c851533e58ca307f66305ccb9188aceda"
            },
            "dist": {
                "type": "zip",
                "url": "https://api.github.com/repos/symfony/event-dispatcher/zipball/ee278f7c851533e58ca307f66305ccb9188aceda",
                "reference": "ee278f7c851533e58ca307f66305ccb9188aceda",
                "shasum": ""
            },
            "require": {
                "php": ">=5.3.9"
            },
            "require-dev": {
                "psr/log": "~1.0",
                "symfony/config": "~2.0,>=2.0.5|~3.0.0",
                "symfony/dependency-injection": "~2.6|~3.0.0",
                "symfony/expression-language": "~2.6|~3.0.0",
                "symfony/stopwatch": "~2.3|~3.0.0"
            },
            "suggest": {
                "symfony/dependency-injection": "",
                "symfony/http-kernel": ""
            },
            "type": "library",
            "extra": {
                "branch-alias": {
                    "dev-master": "2.8-dev"
                }
            },
            "autoload": {
                "psr-4": {
                    "Symfony\\Component\\EventDispatcher\\": ""
                },
                "exclude-from-classmap": [
                    "/Tests/"
                ]
            },
            "notification-url": "https://packagist.org/downloads/",
            "license": [
                "MIT"
            ],
            "authors": [
                {
                    "name": "Fabien Potencier",
                    "email": "fabien@symfony.com"
                },
                {
                    "name": "Symfony Community",
                    "homepage": "https://symfony.com/contributors"
                }
            ],
            "description": "Symfony EventDispatcher Component",
            "homepage": "https://symfony.com",
            "time": "2016-01-13 10:28:07"
        },
        {
            "name": "symfony/filesystem",
            "version": "v2.8.2",
            "source": {
                "type": "git",
                "url": "https://github.com/symfony/filesystem.git",
                "reference": "637b64d0ee10f44ae98dbad651b1ecdf35a11e8c"
            },
            "dist": {
                "type": "zip",
                "url": "https://api.github.com/repos/symfony/filesystem/zipball/637b64d0ee10f44ae98dbad651b1ecdf35a11e8c",
                "reference": "637b64d0ee10f44ae98dbad651b1ecdf35a11e8c",
                "shasum": ""
            },
            "require": {
                "php": ">=5.3.9"
            },
            "type": "library",
            "extra": {
                "branch-alias": {
                    "dev-master": "2.8-dev"
                }
            },
            "autoload": {
                "psr-4": {
                    "Symfony\\Component\\Filesystem\\": ""
                },
                "exclude-from-classmap": [
                    "/Tests/"
                ]
            },
            "notification-url": "https://packagist.org/downloads/",
            "license": [
                "MIT"
            ],
            "authors": [
                {
                    "name": "Fabien Potencier",
                    "email": "fabien@symfony.com"
                },
                {
                    "name": "Symfony Community",
                    "homepage": "https://symfony.com/contributors"
                }
            ],
            "description": "Symfony Filesystem Component",
            "homepage": "https://symfony.com",
            "time": "2016-01-13 10:28:07"
        },
        {
            "name": "symfony/finder",
            "version": "v2.8.2",
            "source": {
                "type": "git",
                "url": "https://github.com/symfony/finder.git",
                "reference": "c90fabdd97e431ee19b6383999cf35334dff27da"
            },
            "dist": {
                "type": "zip",
                "url": "https://api.github.com/repos/symfony/finder/zipball/c90fabdd97e431ee19b6383999cf35334dff27da",
                "reference": "c90fabdd97e431ee19b6383999cf35334dff27da",
                "shasum": ""
            },
            "require": {
                "php": ">=5.3.9"
            },
            "type": "library",
            "extra": {
                "branch-alias": {
                    "dev-master": "2.8-dev"
                }
            },
            "autoload": {
                "psr-4": {
                    "Symfony\\Component\\Finder\\": ""
                },
                "exclude-from-classmap": [
                    "/Tests/"
                ]
            },
            "notification-url": "https://packagist.org/downloads/",
            "license": [
                "MIT"
            ],
            "authors": [
                {
                    "name": "Fabien Potencier",
                    "email": "fabien@symfony.com"
                },
                {
                    "name": "Symfony Community",
                    "homepage": "https://symfony.com/contributors"
                }
            ],
            "description": "Symfony Finder Component",
            "homepage": "https://symfony.com",
            "time": "2016-01-14 08:26:52"
        },
        {
            "name": "symfony/polyfill-mbstring",
            "version": "v1.0.1",
            "source": {
                "type": "git",
                "url": "https://github.com/symfony/polyfill-mbstring.git",
                "reference": "49ff736bd5d41f45240cec77b44967d76e0c3d25"
            },
            "dist": {
                "type": "zip",
                "url": "https://api.github.com/repos/symfony/polyfill-mbstring/zipball/49ff736bd5d41f45240cec77b44967d76e0c3d25",
                "reference": "49ff736bd5d41f45240cec77b44967d76e0c3d25",
                "shasum": ""
            },
            "require": {
                "php": ">=5.3.3"
            },
            "suggest": {
                "ext-mbstring": "For best performance"
            },
            "type": "library",
            "extra": {
                "branch-alias": {
                    "dev-master": "1.0-dev"
                }
            },
            "autoload": {
                "psr-4": {
                    "Symfony\\Polyfill\\Mbstring\\": ""
                },
                "files": [
                    "bootstrap.php"
                ]
            },
            "notification-url": "https://packagist.org/downloads/",
            "license": [
                "MIT"
            ],
            "authors": [
                {
                    "name": "Nicolas Grekas",
                    "email": "p@tchwork.com"
                },
                {
                    "name": "Symfony Community",
                    "homepage": "https://symfony.com/contributors"
                }
            ],
            "description": "Symfony polyfill for the Mbstring extension",
            "homepage": "https://symfony.com",
            "keywords": [
                "compatibility",
                "mbstring",
                "polyfill",
                "portable",
                "shim"
            ],
            "time": "2015-11-20 09:19:13"
        },
        {
            "name": "symfony/process",
            "version": "v2.8.2",
            "source": {
                "type": "git",
                "url": "https://github.com/symfony/process.git",
                "reference": "6f1979c3b0f4c22c77a8a8971afaa7dd07f082ac"
            },
            "dist": {
                "type": "zip",
                "url": "https://api.github.com/repos/symfony/process/zipball/6f1979c3b0f4c22c77a8a8971afaa7dd07f082ac",
                "reference": "6f1979c3b0f4c22c77a8a8971afaa7dd07f082ac",
                "shasum": ""
            },
            "require": {
                "php": ">=5.3.9"
            },
            "type": "library",
            "extra": {
                "branch-alias": {
                    "dev-master": "2.8-dev"
                }
            },
            "autoload": {
                "psr-4": {
                    "Symfony\\Component\\Process\\": ""
                },
                "exclude-from-classmap": [
                    "/Tests/"
                ]
            },
            "notification-url": "https://packagist.org/downloads/",
            "license": [
                "MIT"
            ],
            "authors": [
                {
                    "name": "Fabien Potencier",
                    "email": "fabien@symfony.com"
                },
                {
                    "name": "Symfony Community",
                    "homepage": "https://symfony.com/contributors"
                }
            ],
            "description": "Symfony Process Component",
            "homepage": "https://symfony.com",
            "time": "2016-01-06 09:59:23"
        },
        {
            "name": "symfony/var-dumper",
            "version": "v3.0.1",
            "source": {
                "type": "git",
                "url": "https://github.com/symfony/var-dumper.git",
                "reference": "87db8700deb12ba2b65e858f656a1f885530bcb0"
            },
            "dist": {
                "type": "zip",
                "url": "https://api.github.com/repos/symfony/var-dumper/zipball/87db8700deb12ba2b65e858f656a1f885530bcb0",
                "reference": "87db8700deb12ba2b65e858f656a1f885530bcb0",
                "shasum": ""
            },
            "require": {
                "php": ">=5.5.9",
                "symfony/polyfill-mbstring": "~1.0"
            },
            "require-dev": {
                "twig/twig": "~1.20|~2.0"
            },
            "suggest": {
                "ext-symfony_debug": ""
            },
            "type": "library",
            "extra": {
                "branch-alias": {
                    "dev-master": "3.0-dev"
                }
            },
            "autoload": {
                "files": [
                    "Resources/functions/dump.php"
                ],
                "psr-4": {
                    "Symfony\\Component\\VarDumper\\": ""
                },
                "exclude-from-classmap": [
                    "/Tests/"
                ]
            },
            "notification-url": "https://packagist.org/downloads/",
            "license": [
                "MIT"
            ],
            "authors": [
                {
                    "name": "Nicolas Grekas",
                    "email": "p@tchwork.com"
                },
                {
                    "name": "Symfony Community",
                    "homepage": "https://symfony.com/contributors"
                }
            ],
            "description": "Symfony mechanism for exploring and dumping PHP variables",
            "homepage": "https://symfony.com",
            "keywords": [
                "debug",
                "dump"
            ],
            "time": "2015-12-05 11:13:14"
        },
        {
            "name": "vierbergenlars/php-semver",
            "version": "3.0.1",
            "source": {
                "type": "git",
                "url": "https://github.com/vierbergenlars/php-semver.git",
                "reference": "516bb3061577e60e9420cbecc479362d3ad8c7f1"
            },
            "dist": {
                "type": "zip",
                "url": "https://api.github.com/repos/vierbergenlars/php-semver/zipball/516bb3061577e60e9420cbecc479362d3ad8c7f1",
                "reference": "516bb3061577e60e9420cbecc479362d3ad8c7f1",
                "shasum": ""
            },
            "require": {
                "php": ">=5.3.0"
            },
            "require-dev": {
                "simpletest/simpletest": "1.1.*"
            },
            "bin": [
                "bin/semver",
                "bin/update-versions"
            ],
            "type": "library",
            "autoload": {
                "psr-0": {
                    "vierbergenlars\\SemVer\\": "src/",
                    "vierbergenlars\\LibJs\\": "src/"
                },
                "classmap": [
                    "src/vierbergenlars/SemVer/internal.php"
                ]
            },
            "notification-url": "https://packagist.org/downloads/",
            "license": [
                "MIT"
            ],
            "authors": [
                {
                    "name": "Lars Vierbergen",
                    "email": "vierbergenlars@gmail.com"
                }
            ],
            "description": "The Semantic Versioner for PHP",
            "keywords": [
                "semantic",
                "semver",
                "versioning"
            ],
            "time": "2015-05-02 19:28:54"
        }
    ],
    "aliases": [],
    "minimum-stability": "dev",
    "stability-flags": {
        "beelab/bowerphp": 10,
        "henrikbjorn/lurker": 20,
        "symfony/var-dumper": 20,
        "markstory/mini-asset": 20
    },
    "prefer-stable": true,
    "prefer-lowest": false,
    "platform": [],
    "platform-dev": []
}
